
Microsoft Visual Studio Solution File, Format Version 12.00
# Visual Studio Version 17
VisualStudioVersion = 17.0.32014.148
MinimumVisualStudioVersion = 10.0.40219.1
Project("{2150E333-8FDC-42A3-9474-1A3956D46DE8}") = "Company.Frontend", "Company.Frontend", "{E5A2C791-C4EE-4E67-9F42-28F0308FA821}"
EndProject
Project("{9A19103F-16F7-4668-BE54-9A1E7A4F7556}") = "Company.WebApp", "Company.Frontend\Company.WebApp\Company.WebApp.csproj", "{D4547076-23E4-4C4C-9541-2F6F5C05F33A}"
EndProject
Project("{2150E333-8FDC-42A3-9474-1A3956D46DE8}") = "Company.Backend", "Company.Backend", "{FAEFDB70-5F27-4402-98EB-0ED0CFEB9E12}"
EndProject
Project("{2150E333-8FDC-42A3-9474-1A3956D46DE8}") = "Core", "Core", "{00C9AECF-9F4F-4E30-986C-9DDB476573CE}"
EndProject
Project("{2150E333-8FDC-42A3-9474-1A3956D46DE8}") = "Infrastructure", "Infrastructure", "{4624E9DC-61E0-4CB4-9CA4-A84C31F6FC2A}"
EndProject
Project("{2150E333-8FDC-42A3-9474-1A3956D46DE8}") = "Presentation", "Presentation", "{98281F25-C2A9-4A90-9C08-4A7550247AC8}"
EndProject
Project("{9A19103F-16F7-4668-BE54-9A1E7A4F7556}") = "Company.Domain", "Company.Backend\Core\Company.Domain\Company.Domain.csproj", "{0DAAB7E8-D6FA-4245-ADAF-6A11ABF6F75C}"
EndProject
Project("{9A19103F-16F7-4668-BE54-9A1E7A4F7556}") = "Company.Application", "Company.Backend\Core\Company.Application\Company.Application.csproj", "{24777581-7C1F-4F53-99BC-2F77C8F68F2C}"
EndProject
Project("{9A19103F-16F7-4668-BE54-9A1E7A4F7556}") = "Company.DAL", "Company.Backend\Infrastructure\Company.DAL\Company.DAL.csproj", "{B24EF6C6-9DD1-4E28-9D47-F06F25600BF7}"
EndProject
Project("{9A19103F-16F7-4668-BE54-9A1E7A4F7556}") = "Company.WebAPI", "Company.Backend\Presentation\Company.WebAPI\Company.WebAPI.csproj", "{89644811-96B8-4E58-8221-2E7C2901D633}"
EndProject
Global
	GlobalSection(SolutionConfigurationPlatforms) = preSolution
		Debug|Any CPU = Debug|Any CPU
		Release|Any CPU = Release|Any CPU
	EndGlobalSection
	GlobalSection(ProjectConfigurationPlatforms) = postSolution
		{D4547076-23E4-4C4C-9541-2F6F5C05F33A}.Debug|Any CPU.ActiveCfg = Debug|Any CPU
		{D4547076-23E4-4C4C-9541-2F6F5C05F33A}.Debug|Any CPU.Build.0 = Debug|Any CPU
		{D4547076-23E4-4C4C-9541-2F6F5C05F33A}.Release|Any CPU.ActiveCfg = Release|Any CPU
		{D4547076-23E4-4C4C-9541-2F6F5C05F33A}.Release|Any CPU.Build.0 = Release|Any CPU
		{0DAAB7E8-D6FA-4245-ADAF-6A11ABF6F75C}.Debug|Any CPU.ActiveCfg = Debug|Any CPU
		{0DAAB7E8-D6FA-4245-ADAF-6A11ABF6F75C}.Debug|Any CPU.Build.0 = Debug|Any CPU
		{0DAAB7E8-D6FA-4245-ADAF-6A11ABF6F75C}.Release|Any CPU.ActiveCfg = Release|Any CPU
		{0DAAB7E8-D6FA-4245-ADAF-6A11ABF6F75C}.Release|Any CPU.Build.0 = Release|Any CPU
		{24777581-7C1F-4F53-99BC-2F77C8F68F2C}.Debug|Any CPU.ActiveCfg = Debug|Any CPU
		{24777581-7C1F-4F53-99BC-2F77C8F68F2C}.Debug|Any CPU.Build.0 = Debug|Any CPU
		{24777581-7C1F-4F53-99BC-2F77C8F68F2C}.Release|Any CPU.ActiveCfg = Release|Any CPU
		{24777581-7C1F-4F53-99BC-2F77C8F68F2C}.Release|Any CPU.Build.0 = Release|Any CPU
		{B24EF6C6-9DD1-4E28-9D47-F06F25600BF7}.Debug|Any CPU.ActiveCfg = Debug|Any CPU
		{B24EF6C6-9DD1-4E28-9D47-F06F25600BF7}.Debug|Any CPU.Build.0 = Debug|Any CPU
		{B24EF6C6-9DD1-4E28-9D47-F06F25600BF7}.Release|Any CPU.ActiveCfg = Release|Any CPU
		{B24EF6C6-9DD1-4E28-9D47-F06F25600BF7}.Release|Any CPU.Build.0 = Release|Any CPU
		{89644811-96B8-4E58-8221-2E7C2901D633}.Debug|Any CPU.ActiveCfg = Debug|Any CPU
		{89644811-96B8-4E58-8221-2E7C2901D633}.Debug|Any CPU.Build.0 = Debug|Any CPU
		{89644811-96B8-4E58-8221-2E7C2901D633}.Release|Any CPU.ActiveCfg = Release|Any CPU
		{89644811-96B8-4E58-8221-2E7C2901D633}.Release|Any CPU.Build.0 = Release|Any CPU
	EndGlobalSection
	GlobalSection(SolutionProperties) = preSolution
		HideSolutionNode = FALSE
	EndGlobalSection
	GlobalSection(NestedProjects) = preSolution
		{D4547076-23E4-4C4C-9541-2F6F5C05F33A} = {E5A2C791-C4EE-4E67-9F42-28F0308FA821}
		{00C9AECF-9F4F-4E30-986C-9DDB476573CE} = {FAEFDB70-5F27-4402-98EB-0ED0CFEB9E12}
		{4624E9DC-61E0-4CB4-9CA4-A84C31F6FC2A} = {FAEFDB70-5F27-4402-98EB-0ED0CFEB9E12}
		{98281F25-C2A9-4A90-9C08-4A7550247AC8} = {FAEFDB70-5F27-4402-98EB-0ED0CFEB9E12}
		{0DAAB7E8-D6FA-4245-ADAF-6A11ABF6F75C} = {00C9AECF-9F4F-4E30-986C-9DDB476573CE}
		{24777581-7C1F-4F53-99BC-2F77C8F68F2C} = {00C9AECF-9F4F-4E30-986C-9DDB476573CE}
		{B24EF6C6-9DD1-4E28-9D47-F06F25600BF7} = {4624E9DC-61E0-4CB4-9CA4-A84C31F6FC2A}
		{89644811-96B8-4E58-8221-2E7C2901D633} = {98281F25-C2A9-4A90-9C08-4A7550247AC8}
	EndGlobalSection
	GlobalSection(ExtensibilityGlobals) = postSolution
		SolutionGuid = {323D7272-DF9F-489F-8872-6861778C6BFF}
	EndGlobalSection
EndGlobal
